// !$*UTF8*$!
{
	archiveVersion = 1;
	classes = {
	};
	objectVersion = 56;
	objects = {

/* Begin PBXBuildFile section */
		2A575C3829E50601008CB854 /* GuideTab.swift in Sources */ = {isa = PBXBuildFile; fileRef = 2A575C3729E50601008CB854 /* GuideTab.swift */; };
		2A575C3A29E50BB0008CB854 /* GuideDetail.swift in Sources */ = {isa = PBXBuildFile; fileRef = 2A575C3929E50BB0008CB854 /* GuideDetail.swift */; };
		2A575C3C29E51A0C008CB854 /* SafeArea.swift in Sources */ = {isa = PBXBuildFile; fileRef = 2A575C3B29E51A0C008CB854 /* SafeArea.swift */; };
		2A57F1F329E2843D00BAB360 /* ColorExtension+Properties.swift in Sources */ = {isa = PBXBuildFile; fileRef = 2A57F1F229E2843D00BAB360 /* ColorExtension+Properties.swift */; };
		2A57F1F529E2858200BAB360 /* ShapeExtension+Properties.swift in Sources */ = {isa = PBXBuildFile; fileRef = 2A57F1F429E2858200BAB360 /* ShapeExtension+Properties.swift */; };
		2A57F1F729E28CE200BAB360 /* SelectableReminderFilterButton.swift in Sources */ = {isa = PBXBuildFile; fileRef = 2A57F1F629E28CE200BAB360 /* SelectableReminderFilterButton.swift */; };
		2A57F1F929E295B400BAB360 /* ReminderItemAndTime.swift in Sources */ = {isa = PBXBuildFile; fileRef = 2A57F1F829E295B400BAB360 /* ReminderItemAndTime.swift */; };
		2A57F1FB29E2995C00BAB360 /* AddReminderView.swift in Sources */ = {isa = PBXBuildFile; fileRef = 2A57F1FA29E2995C00BAB360 /* AddReminderView.swift */; };
		2A57F1FD29E2A9FF00BAB360 /* DropDownField.swift in Sources */ = {isa = PBXBuildFile; fileRef = 2A57F1FC29E2A9FF00BAB360 /* DropDownField.swift */; };
		2A5D64EF29E137A600ED190F /* HomeTab.swift in Sources */ = {isa = PBXBuildFile; fileRef = 2A5D64EE29E137A600ED190F /* HomeTab.swift */; };
		2A5D64F129E13C9600ED190F /* SmallButton.swift in Sources */ = {isa = PBXBuildFile; fileRef = 2A5D64F029E13C9600ED190F /* SmallButton.swift */; };
		2A5D64F329E150BE00ED190F /* UIScreenExtension+Properties.swift in Sources */ = {isa = PBXBuildFile; fileRef = 2A5D64F229E150BE00ED190F /* UIScreenExtension+Properties.swift */; };
		2A5D64F529E1511600ED190F /* OffsetableScrollView.swift in Sources */ = {isa = PBXBuildFile; fileRef = 2A5D64F429E1511600ED190F /* OffsetableScrollView.swift */; };
		2A5D64F729E1514C00ED190F /* ProxyReader.swift in Sources */ = {isa = PBXBuildFile; fileRef = 2A5D64F629E1514C00ED190F /* ProxyReader.swift */; };
		2A5D64F929E1574A00ED190F /* FeedItemView.swift in Sources */ = {isa = PBXBuildFile; fileRef = 2A5D64F829E1574A00ED190F /* FeedItemView.swift */; };
		2A5D64FB29E1657300ED190F /* ReminderItem.swift in Sources */ = {isa = PBXBuildFile; fileRef = 2A5D64FA29E1657300ED190F /* ReminderItem.swift */; };
		2A5D64FD29E1677200ED190F /* CreatePostView.swift in Sources */ = {isa = PBXBuildFile; fileRef = 2A5D64FC29E1677200ED190F /* CreatePostView.swift */; };
		2A7A6FAF29DE227000660DD4 /* PawsitivelyApp.swift in Sources */ = {isa = PBXBuildFile; fileRef = 2A7A6FAE29DE227000660DD4 /* PawsitivelyApp.swift */; };
		2A7A6FB129DE227000660DD4 /* ContentView.swift in Sources */ = {isa = PBXBuildFile; fileRef = 2A7A6FB029DE227000660DD4 /* ContentView.swift */; };
		2A7A6FB329DE227200660DD4 /* Assets.xcassets in Resources */ = {isa = PBXBuildFile; fileRef = 2A7A6FB229DE227200660DD4 /* Assets.xcassets */; };
		2A7A6FB629DE227200660DD4 /* Preview Assets.xcassets in Resources */ = {isa = PBXBuildFile; fileRef = 2A7A6FB529DE227200660DD4 /* Preview Assets.xcassets */; };
		2A7A6FB829DE227200660DD4 /* Persistence.swift in Sources */ = {isa = PBXBuildFile; fileRef = 2A7A6FB729DE227200660DD4 /* Persistence.swift */; };
		2A7A6FBB29DE227200660DD4 /* Pawsitively.xcdatamodeld in Sources */ = {isa = PBXBuildFile; fileRef = 2A7A6FB929DE227200660DD4 /* Pawsitively.xcdatamodeld */; };
		2A7A6FC529DE227300660DD4 /* PawsitivelyTests.swift in Sources */ = {isa = PBXBuildFile; fileRef = 2A7A6FC429DE227300660DD4 /* PawsitivelyTests.swift */; };
		2A7A6FCF29DE227300660DD4 /* PawsitivelyUITests.swift in Sources */ = {isa = PBXBuildFile; fileRef = 2A7A6FCE29DE227300660DD4 /* PawsitivelyUITests.swift */; };
		2A7A6FD129DE227300660DD4 /* PawsitivelyUITestsLaunchTests.swift in Sources */ = {isa = PBXBuildFile; fileRef = 2A7A6FD029DE227300660DD4 /* PawsitivelyUITestsLaunchTests.swift */; };
		2A8E91FD29DFDD6B00BFB100 /* CustomShape.swift in Sources */ = {isa = PBXBuildFile; fileRef = 2A8E91FC29DFDD6B00BFB100 /* CustomShape.swift */; };
		2A8E91FF29DFE35100BFB100 /* ColorConstant.swift in Sources */ = {isa = PBXBuildFile; fileRef = 2A8E91FE29DFE35100BFB100 /* ColorConstant.swift */; };
		2A8E920129DFEA5800BFB100 /* ImageConstant.swift in Sources */ = {isa = PBXBuildFile; fileRef = 2A8E920029DFEA5800BFB100 /* ImageConstant.swift */; };
		2A8E920329DFEF5A00BFB100 /* SigninForm.swift in Sources */ = {isa = PBXBuildFile; fileRef = 2A8E920229DFEF5A00BFB100 /* SigninForm.swift */; };
		2A8E920529DFEF6B00BFB100 /* SignupForm.swift in Sources */ = {isa = PBXBuildFile; fileRef = 2A8E920429DFEF6B00BFB100 /* SignupForm.swift */; };
		2A8E920729DFF17500BFB100 /* FloatingLabelTextField.swift in Sources */ = {isa = PBXBuildFile; fileRef = 2A8E920629DFF17500BFB100 /* FloatingLabelTextField.swift */; };
		2A8E920D29E0075000BFB100 /* FontExtension+Properties.swift in Sources */ = {isa = PBXBuildFile; fileRef = 2A8E920C29E0075000BFB100 /* FontExtension+Properties.swift */; };
		2A8E921D29E00A0600BFB100 /* OpenSans-ExtraBoldItalic.ttf in Resources */ = {isa = PBXBuildFile; fileRef = 2A8E921029E00A0500BFB100 /* OpenSans-ExtraBoldItalic.ttf */; };
		2A8E921E29E00A0600BFB100 /* OFL.txt in Resources */ = {isa = PBXBuildFile; fileRef = 2A8E921129E00A0500BFB100 /* OFL.txt */; };
		2A8E921F29E00A0600BFB100 /* OpenSans-Bold.ttf in Resources */ = {isa = PBXBuildFile; fileRef = 2A8E921229E00A0500BFB100 /* OpenSans-Bold.ttf */; };
		2A8E922029E00A0600BFB100 /* OpenSans-Light.ttf in Resources */ = {isa = PBXBuildFile; fileRef = 2A8E921329E00A0500BFB100 /* OpenSans-Light.ttf */; };
		2A8E922129E00A0600BFB100 /* OpenSans-SemiBold.ttf in Resources */ = {isa = PBXBuildFile; fileRef = 2A8E921429E00A0600BFB100 /* OpenSans-SemiBold.ttf */; };
		2A8E922229E00A0600BFB100 /* OpenSans-LightItalic.ttf in Resources */ = {isa = PBXBuildFile; fileRef = 2A8E921529E00A0600BFB100 /* OpenSans-LightItalic.ttf */; };
		2A8E922329E00A0600BFB100 /* OpenSans-ExtraBold.ttf in Resources */ = {isa = PBXBuildFile; fileRef = 2A8E921629E00A0600BFB100 /* OpenSans-ExtraBold.ttf */; };
		2A8E922429E00A0600BFB100 /* OpenSans-SemiBoldItalic.ttf in Resources */ = {isa = PBXBuildFile; fileRef = 2A8E921729E00A0600BFB100 /* OpenSans-SemiBoldItalic.ttf */; };
		2A8E922529E00A0600BFB100 /* OpenSans-Regular.ttf in Resources */ = {isa = PBXBuildFile; fileRef = 2A8E921829E00A0600BFB100 /* OpenSans-Regular.ttf */; };
		2A8E922629E00A0600BFB100 /* OpenSans-BoldItalic.ttf in Resources */ = {isa = PBXBuildFile; fileRef = 2A8E921929E00A0600BFB100 /* OpenSans-BoldItalic.ttf */; };
		2A8E922729E00A0600BFB100 /* OpenSans-Medium.ttf in Resources */ = {isa = PBXBuildFile; fileRef = 2A8E921A29E00A0600BFB100 /* OpenSans-Medium.ttf */; };
		2A8E922829E00A0600BFB100 /* OpenSans-Italic.ttf in Resources */ = {isa = PBXBuildFile; fileRef = 2A8E921B29E00A0600BFB100 /* OpenSans-Italic.ttf */; };
		2A8E922929E00A0600BFB100 /* OpenSans-MediumItalic.ttf in Resources */ = {isa = PBXBuildFile; fileRef = 2A8E921C29E00A0600BFB100 /* OpenSans-MediumItalic.ttf */; };
		2A8E922B29E0141A00BFB100 /* VerifyEmailForm.swift in Sources */ = {isa = PBXBuildFile; fileRef = 2A8E922A29E0141A00BFB100 /* VerifyEmailForm.swift */; };
		2A8E922D29E019C800BFB100 /* ResetPasswordForm.swift in Sources */ = {isa = PBXBuildFile; fileRef = 2A8E922C29E019C800BFB100 /* ResetPasswordForm.swift */; };
		2A8E923129E01C4800BFB100 /* NameForm.swift in Sources */ = {isa = PBXBuildFile; fileRef = 2A8E923029E01C4800BFB100 /* NameForm.swift */; };
		2A8E923329E0205E00BFB100 /* ProfilePhotoForm.swift in Sources */ = {isa = PBXBuildFile; fileRef = 2A8E923229E0205E00BFB100 /* ProfilePhotoForm.swift */; };
		2A8E923529E0DB0700BFB100 /* LocationForm.swift in Sources */ = {isa = PBXBuildFile; fileRef = 2A8E923429E0DB0700BFB100 /* LocationForm.swift */; };
		2AA869BE29E2BF5000A189B5 /* PListManager.swift in Sources */ = {isa = PBXBuildFile; fileRef = 2AA869BD29E2BF5000A189B5 /* PListManager.swift */; };
		2AA869C029E2BFE800A189B5 /* BundleExtension+Properties.swift in Sources */ = {isa = PBXBuildFile; fileRef = 2AA869BF29E2BFE800A189B5 /* BundleExtension+Properties.swift */; };
		2AA869C429E2C1AA00A189B5 /* ListValues.plist in Resources */ = {isa = PBXBuildFile; fileRef = 2AA869C329E2C1AA00A189B5 /* ListValues.plist */; };
		2AA92ED529DE71FE0089201F /* ReusableButton.swift in Sources */ = {isa = PBXBuildFile; fileRef = 2AA92ED429DE71FE0089201F /* ReusableButton.swift */; };
		2ACC737929E212D100B926C3 /* RemindersTab.swift in Sources */ = {isa = PBXBuildFile; fileRef = 2ACC737829E212D100B926C3 /* RemindersTab.swift */; };
		2AD6795929DE52A500C427F7 /* InitialScreen.swift in Sources */ = {isa = PBXBuildFile; fileRef = 2AD6795829DE52A500C427F7 /* InitialScreen.swift */; };
/* End PBXBuildFile section */

/* Begin PBXContainerItemProxy section */
		2A7A6FC129DE227300660DD4 /* PBXContainerItemProxy */ = {
			isa = PBXContainerItemProxy;
			containerPortal = 2A7A6FA329DE227000660DD4 /* Project object */;
			proxyType = 1;
			remoteGlobalIDString = 2A7A6FAA29DE227000660DD4;
			remoteInfo = Pawsitively;
		};
		2A7A6FCB29DE227300660DD4 /* PBXContainerItemProxy */ = {
			isa = PBXContainerItemProxy;
			containerPortal = 2A7A6FA329DE227000660DD4 /* Project object */;
			proxyType = 1;
			remoteGlobalIDString = 2A7A6FAA29DE227000660DD4;
			remoteInfo = Pawsitively;
		};
/* End PBXContainerItemProxy section */

/* Begin PBXFileReference section */
		2A575C3729E50601008CB854 /* GuideTab.swift */ = {isa = PBXFileReference; lastKnownFileType = sourcecode.swift; path = GuideTab.swift; sourceTree = "<group>"; };
		2A575C3929E50BB0008CB854 /* GuideDetail.swift */ = {isa = PBXFileReference; lastKnownFileType = sourcecode.swift; path = GuideDetail.swift; sourceTree = "<group>"; };
		2A575C3B29E51A0C008CB854 /* SafeArea.swift */ = {isa = PBXFileReference; lastKnownFileType = sourcecode.swift; path = SafeArea.swift; sourceTree = "<group>"; };
		2A57F1F229E2843D00BAB360 /* ColorExtension+Properties.swift */ = {isa = PBXFileReference; lastKnownFileType = sourcecode.swift; path = "ColorExtension+Properties.swift"; sourceTree = "<group>"; };
		2A57F1F429E2858200BAB360 /* ShapeExtension+Properties.swift */ = {isa = PBXFileReference; lastKnownFileType = sourcecode.swift; path = "ShapeExtension+Properties.swift"; sourceTree = "<group>"; };
		2A57F1F629E28CE200BAB360 /* SelectableReminderFilterButton.swift */ = {isa = PBXFileReference; lastKnownFileType = sourcecode.swift; path = SelectableReminderFilterButton.swift; sourceTree = "<group>"; };
		2A57F1F829E295B400BAB360 /* ReminderItemAndTime.swift */ = {isa = PBXFileReference; lastKnownFileType = sourcecode.swift; path = ReminderItemAndTime.swift; sourceTree = "<group>"; };
		2A57F1FA29E2995C00BAB360 /* AddReminderView.swift */ = {isa = PBXFileReference; lastKnownFileType = sourcecode.swift; path = AddReminderView.swift; sourceTree = "<group>"; };
		2A57F1FC29E2A9FF00BAB360 /* DropDownField.swift */ = {isa = PBXFileReference; lastKnownFileType = sourcecode.swift; path = DropDownField.swift; sourceTree = "<group>"; };
		2A5D64EE29E137A600ED190F /* HomeTab.swift */ = {isa = PBXFileReference; lastKnownFileType = sourcecode.swift; path = HomeTab.swift; sourceTree = "<group>"; };
		2A5D64F029E13C9600ED190F /* SmallButton.swift */ = {isa = PBXFileReference; lastKnownFileType = sourcecode.swift; path = SmallButton.swift; sourceTree = "<group>"; };
		2A5D64F229E150BE00ED190F /* UIScreenExtension+Properties.swift */ = {isa = PBXFileReference; lastKnownFileType = sourcecode.swift; path = "UIScreenExtension+Properties.swift"; sourceTree = "<group>"; };
		2A5D64F429E1511600ED190F /* OffsetableScrollView.swift */ = {isa = PBXFileReference; lastKnownFileType = sourcecode.swift; path = OffsetableScrollView.swift; sourceTree = "<group>"; };
		2A5D64F629E1514C00ED190F /* ProxyReader.swift */ = {isa = PBXFileReference; lastKnownFileType = sourcecode.swift; path = ProxyReader.swift; sourceTree = "<group>"; };
		2A5D64F829E1574A00ED190F /* FeedItemView.swift */ = {isa = PBXFileReference; lastKnownFileType = sourcecode.swift; path = FeedItemView.swift; sourceTree = "<group>"; };
		2A5D64FA29E1657300ED190F /* ReminderItem.swift */ = {isa = PBXFileReference; lastKnownFileType = sourcecode.swift; path = ReminderItem.swift; sourceTree = "<group>"; };
		2A5D64FC29E1677200ED190F /* CreatePostView.swift */ = {isa = PBXFileReference; lastKnownFileType = sourcecode.swift; path = CreatePostView.swift; sourceTree = "<group>"; };
		2A7A6FAB29DE227000660DD4 /* Pawsitively.app */ = {isa = PBXFileReference; explicitFileType = wrapper.application; includeInIndex = 0; path = Pawsitively.app; sourceTree = BUILT_PRODUCTS_DIR; };
		2A7A6FAE29DE227000660DD4 /* PawsitivelyApp.swift */ = {isa = PBXFileReference; lastKnownFileType = sourcecode.swift; path = PawsitivelyApp.swift; sourceTree = "<group>"; };
		2A7A6FB029DE227000660DD4 /* ContentView.swift */ = {isa = PBXFileReference; lastKnownFileType = sourcecode.swift; path = ContentView.swift; sourceTree = "<group>"; };
		2A7A6FB229DE227200660DD4 /* Assets.xcassets */ = {isa = PBXFileReference; lastKnownFileType = folder.assetcatalog; path = Assets.xcassets; sourceTree = "<group>"; };
		2A7A6FB529DE227200660DD4 /* Preview Assets.xcassets */ = {isa = PBXFileReference; lastKnownFileType = folder.assetcatalog; path = "Preview Assets.xcassets"; sourceTree = "<group>"; };
		2A7A6FB729DE227200660DD4 /* Persistence.swift */ = {isa = PBXFileReference; lastKnownFileType = sourcecode.swift; path = Persistence.swift; sourceTree = "<group>"; };
		2A7A6FBA29DE227200660DD4 /* Pawsitively.xcdatamodel */ = {isa = PBXFileReference; lastKnownFileType = wrapper.xcdatamodel; path = Pawsitively.xcdatamodel; sourceTree = "<group>"; };
		2A7A6FC029DE227300660DD4 /* PawsitivelyTests.xctest */ = {isa = PBXFileReference; explicitFileType = wrapper.cfbundle; includeInIndex = 0; path = PawsitivelyTests.xctest; sourceTree = BUILT_PRODUCTS_DIR; };
		2A7A6FC429DE227300660DD4 /* PawsitivelyTests.swift */ = {isa = PBXFileReference; lastKnownFileType = sourcecode.swift; path = PawsitivelyTests.swift; sourceTree = "<group>"; };
		2A7A6FCA29DE227300660DD4 /* PawsitivelyUITests.xctest */ = {isa = PBXFileReference; explicitFileType = wrapper.cfbundle; includeInIndex = 0; path = PawsitivelyUITests.xctest; sourceTree = BUILT_PRODUCTS_DIR; };
		2A7A6FCE29DE227300660DD4 /* PawsitivelyUITests.swift */ = {isa = PBXFileReference; lastKnownFileType = sourcecode.swift; path = PawsitivelyUITests.swift; sourceTree = "<group>"; };
		2A7A6FD029DE227300660DD4 /* PawsitivelyUITestsLaunchTests.swift */ = {isa = PBXFileReference; lastKnownFileType = sourcecode.swift; path = PawsitivelyUITestsLaunchTests.swift; sourceTree = "<group>"; };
		2A8E91FC29DFDD6B00BFB100 /* CustomShape.swift */ = {isa = PBXFileReference; lastKnownFileType = sourcecode.swift; path = CustomShape.swift; sourceTree = "<group>"; };
		2A8E91FE29DFE35100BFB100 /* ColorConstant.swift */ = {isa = PBXFileReference; lastKnownFileType = sourcecode.swift; path = ColorConstant.swift; sourceTree = "<group>"; };
		2A8E920029DFEA5800BFB100 /* ImageConstant.swift */ = {isa = PBXFileReference; lastKnownFileType = sourcecode.swift; path = ImageConstant.swift; sourceTree = "<group>"; };
		2A8E920229DFEF5A00BFB100 /* SigninForm.swift */ = {isa = PBXFileReference; lastKnownFileType = sourcecode.swift; path = SigninForm.swift; sourceTree = "<group>"; };
		2A8E920429DFEF6B00BFB100 /* SignupForm.swift */ = {isa = PBXFileReference; lastKnownFileType = sourcecode.swift; path = SignupForm.swift; sourceTree = "<group>"; };
		2A8E920629DFF17500BFB100 /* FloatingLabelTextField.swift */ = {isa = PBXFileReference; lastKnownFileType = sourcecode.swift; path = FloatingLabelTextField.swift; sourceTree = "<group>"; };
		2A8E920C29E0075000BFB100 /* FontExtension+Properties.swift */ = {isa = PBXFileReference; lastKnownFileType = sourcecode.swift; path = "FontExtension+Properties.swift"; sourceTree = "<group>"; };
		2A8E920E29E007C100BFB100 /* Info.plist */ = {isa = PBXFileReference; lastKnownFileType = text.plist.xml; path = Info.plist; sourceTree = "<group>"; };
		2A8E921029E00A0500BFB100 /* OpenSans-ExtraBoldItalic.ttf */ = {isa = PBXFileReference; lastKnownFileType = file; path = "OpenSans-ExtraBoldItalic.ttf"; sourceTree = "<group>"; };
		2A8E921129E00A0500BFB100 /* OFL.txt */ = {isa = PBXFileReference; fileEncoding = 4; lastKnownFileType = text; path = OFL.txt; sourceTree = "<group>"; };
		2A8E921229E00A0500BFB100 /* OpenSans-Bold.ttf */ = {isa = PBXFileReference; lastKnownFileType = file; path = "OpenSans-Bold.ttf"; sourceTree = "<group>"; };
		2A8E921329E00A0500BFB100 /* OpenSans-Light.ttf */ = {isa = PBXFileReference; lastKnownFileType = file; path = "OpenSans-Light.ttf"; sourceTree = "<group>"; };
		2A8E921429E00A0600BFB100 /* OpenSans-SemiBold.ttf */ = {isa = PBXFileReference; lastKnownFileType = file; path = "OpenSans-SemiBold.ttf"; sourceTree = "<group>"; };
		2A8E921529E00A0600BFB100 /* OpenSans-LightItalic.ttf */ = {isa = PBXFileReference; lastKnownFileType = file; path = "OpenSans-LightItalic.ttf"; sourceTree = "<group>"; };
		2A8E921629E00A0600BFB100 /* OpenSans-ExtraBold.ttf */ = {isa = PBXFileReference; lastKnownFileType = file; path = "OpenSans-ExtraBold.ttf"; sourceTree = "<group>"; };
		2A8E921729E00A0600BFB100 /* OpenSans-SemiBoldItalic.ttf */ = {isa = PBXFileReference; lastKnownFileType = file; path = "OpenSans-SemiBoldItalic.ttf"; sourceTree = "<group>"; };
		2A8E921829E00A0600BFB100 /* OpenSans-Regular.ttf */ = {isa = PBXFileReference; lastKnownFileType = file; path = "OpenSans-Regular.ttf"; sourceTree = "<group>"; };
		2A8E921929E00A0600BFB100 /* OpenSans-BoldItalic.ttf */ = {isa = PBXFileReference; lastKnownFileType = file; path = "OpenSans-BoldItalic.ttf"; sourceTree = "<group>"; };
		2A8E921A29E00A0600BFB100 /* OpenSans-Medium.ttf */ = {isa = PBXFileReference; lastKnownFileType = file; path = "OpenSans-Medium.ttf"; sourceTree = "<group>"; };
		2A8E921B29E00A0600BFB100 /* OpenSans-Italic.ttf */ = {isa = PBXFileReference; lastKnownFileType = file; path = "OpenSans-Italic.ttf"; sourceTree = "<group>"; };
		2A8E921C29E00A0600BFB100 /* OpenSans-MediumItalic.ttf */ = {isa = PBXFileReference; lastKnownFileType = file; path = "OpenSans-MediumItalic.ttf"; sourceTree = "<group>"; };
		2A8E922A29E0141A00BFB100 /* VerifyEmailForm.swift */ = {isa = PBXFileReference; lastKnownFileType = sourcecode.swift; path = VerifyEmailForm.swift; sourceTree = "<group>"; };
		2A8E922C29E019C800BFB100 /* ResetPasswordForm.swift */ = {isa = PBXFileReference; lastKnownFileType = sourcecode.swift; path = ResetPasswordForm.swift; sourceTree = "<group>"; };
		2A8E923029E01C4800BFB100 /* NameForm.swift */ = {isa = PBXFileReference; lastKnownFileType = sourcecode.swift; path = NameForm.swift; sourceTree = "<group>"; };
		2A8E923229E0205E00BFB100 /* ProfilePhotoForm.swift */ = {isa = PBXFileReference; lastKnownFileType = sourcecode.swift; path = ProfilePhotoForm.swift; sourceTree = "<group>"; };
		2A8E923429E0DB0700BFB100 /* LocationForm.swift */ = {isa = PBXFileReference; lastKnownFileType = sourcecode.swift; path = LocationForm.swift; sourceTree = "<group>"; };
		2AA869BD29E2BF5000A189B5 /* PListManager.swift */ = {isa = PBXFileReference; lastKnownFileType = sourcecode.swift; path = PListManager.swift; sourceTree = "<group>"; };
		2AA869BF29E2BFE800A189B5 /* BundleExtension+Properties.swift */ = {isa = PBXFileReference; lastKnownFileType = sourcecode.swift; path = "BundleExtension+Properties.swift"; sourceTree = "<group>"; };
		2AA869C329E2C1AA00A189B5 /* ListValues.plist */ = {isa = PBXFileReference; lastKnownFileType = text.plist.xml; path = ListValues.plist; sourceTree = "<group>"; };
		2AA92ED429DE71FE0089201F /* ReusableButton.swift */ = {isa = PBXFileReference; lastKnownFileType = sourcecode.swift; path = ReusableButton.swift; sourceTree = "<group>"; };
		2ACC737829E212D100B926C3 /* RemindersTab.swift */ = {isa = PBXFileReference; lastKnownFileType = sourcecode.swift; path = RemindersTab.swift; sourceTree = "<group>"; };
		2AD6795829DE52A500C427F7 /* InitialScreen.swift */ = {isa = PBXFileReference; lastKnownFileType = sourcecode.swift; path = InitialScreen.swift; sourceTree = "<group>"; };
/* End PBXFileReference section */

/* Begin PBXFrameworksBuildPhase section */
		2A7A6FA829DE227000660DD4 /* Frameworks */ = {
			isa = PBXFrameworksBuildPhase;
			buildActionMask = 2147483647;
			files = (
			);
			runOnlyForDeploymentPostprocessing = 0;
		};
		2A7A6FBD29DE227300660DD4 /* Frameworks */ = {
			isa = PBXFrameworksBuildPhase;
			buildActionMask = 2147483647;
			files = (
			);
			runOnlyForDeploymentPostprocessing = 0;
		};
		2A7A6FC729DE227300660DD4 /* Frameworks */ = {
			isa = PBXFrameworksBuildPhase;
			buildActionMask = 2147483647;
			files = (
			);
			runOnlyForDeploymentPostprocessing = 0;
		};
/* End PBXFrameworksBuildPhase section */

/* Begin PBXGroup section */
		2A575C3629E505D3008CB854 /* Guide */ = {
			isa = PBXGroup;
			children = (
				2A575C3729E50601008CB854 /* GuideTab.swift */,
				2A575C3929E50BB0008CB854 /* GuideDetail.swift */,
			);
			path = Guide;
			sourceTree = "<group>";
		};
		2A5D64ED29E1379500ED190F /* Home */ = {
			isa = PBXGroup;
			children = (
				2A5D64EE29E137A600ED190F /* HomeTab.swift */,
				2A5D64F829E1574A00ED190F /* FeedItemView.swift */,
				2A5D64FA29E1657300ED190F /* ReminderItem.swift */,
				2A5D64FC29E1677200ED190F /* CreatePostView.swift */,
			);
			path = Home;
			sourceTree = "<group>";
		};
		2A7A6FA229DE227000660DD4 = {
			isa = PBXGroup;
			children = (
				2A7A6FAD29DE227000660DD4 /* Pawsitively */,
				2A7A6FC329DE227300660DD4 /* PawsitivelyTests */,
				2A7A6FCD29DE227300660DD4 /* PawsitivelyUITests */,
				2A7A6FAC29DE227000660DD4 /* Products */,
			);
			sourceTree = "<group>";
		};
		2A7A6FAC29DE227000660DD4 /* Products */ = {
			isa = PBXGroup;
			children = (
				2A7A6FAB29DE227000660DD4 /* Pawsitively.app */,
				2A7A6FC029DE227300660DD4 /* PawsitivelyTests.xctest */,
				2A7A6FCA29DE227300660DD4 /* PawsitivelyUITests.xctest */,
			);
			name = Products;
			sourceTree = "<group>";
		};
		2A7A6FAD29DE227000660DD4 /* Pawsitively */ = {
			isa = PBXGroup;
			children = (
				2AFD5E6B29DE36C9003AEE07 /* Main */,
				2AFD5E6629DE3606003AEE07 /* UI */,
				2A8E920B29E0070500BFB100 /* Extension */,
				2A8E91FB29DFDA2300BFB100 /* Utility */,
				2AA869BC29E2BF2F00A189B5 /* Manager */,
				2AFD5E6929DE3651003AEE07 /* Resources */,
				2AFD5E6A29DE36A2003AEE07 /* Persistence */,
			);
			path = Pawsitively;
			sourceTree = "<group>";
		};
		2A7A6FB429DE227200660DD4 /* Preview Content */ = {
			isa = PBXGroup;
			children = (
				2A7A6FB529DE227200660DD4 /* Preview Assets.xcassets */,
			);
			path = "Preview Content";
			sourceTree = "<group>";
		};
		2A7A6FC329DE227300660DD4 /* PawsitivelyTests */ = {
			isa = PBXGroup;
			children = (
				2A7A6FC429DE227300660DD4 /* PawsitivelyTests.swift */,
			);
			path = PawsitivelyTests;
			sourceTree = "<group>";
		};
		2A7A6FCD29DE227300660DD4 /* PawsitivelyUITests */ = {
			isa = PBXGroup;
			children = (
				2A7A6FCE29DE227300660DD4 /* PawsitivelyUITests.swift */,
				2A7A6FD029DE227300660DD4 /* PawsitivelyUITestsLaunchTests.swift */,
			);
			path = PawsitivelyUITests;
			sourceTree = "<group>";
		};
		2A8E91FB29DFDA2300BFB100 /* Utility */ = {
			isa = PBXGroup;
			children = (
				2A8E91FE29DFE35100BFB100 /* ColorConstant.swift */,
				2A8E920029DFEA5800BFB100 /* ImageConstant.swift */,
				2A575C3B29E51A0C008CB854 /* SafeArea.swift */,
			);
			path = Utility;
			sourceTree = "<group>";
		};
		2A8E920829E006D400BFB100 /* Fonts */ = {
			isa = PBXGroup;
			children = (
				2A8E920F29E009F400BFB100 /* OpenSans */,
			);
			path = Fonts;
			sourceTree = "<group>";
		};
		2A8E920B29E0070500BFB100 /* Extension */ = {
			isa = PBXGroup;
			children = (
				2A8E920C29E0075000BFB100 /* FontExtension+Properties.swift */,
				2A5D64F229E150BE00ED190F /* UIScreenExtension+Properties.swift */,
				2A57F1F229E2843D00BAB360 /* ColorExtension+Properties.swift */,
				2A57F1F429E2858200BAB360 /* ShapeExtension+Properties.swift */,
				2AA869BF29E2BFE800A189B5 /* BundleExtension+Properties.swift */,
			);
			path = Extension;
			sourceTree = "<group>";
		};
		2A8E920F29E009F400BFB100 /* OpenSans */ = {
			isa = PBXGroup;
			children = (
				2A8E921129E00A0500BFB100 /* OFL.txt */,
				2A8E921229E00A0500BFB100 /* OpenSans-Bold.ttf */,
				2A8E921929E00A0600BFB100 /* OpenSans-BoldItalic.ttf */,
				2A8E921629E00A0600BFB100 /* OpenSans-ExtraBold.ttf */,
				2A8E921029E00A0500BFB100 /* OpenSans-ExtraBoldItalic.ttf */,
				2A8E921B29E00A0600BFB100 /* OpenSans-Italic.ttf */,
				2A8E921329E00A0500BFB100 /* OpenSans-Light.ttf */,
				2A8E921529E00A0600BFB100 /* OpenSans-LightItalic.ttf */,
				2A8E921A29E00A0600BFB100 /* OpenSans-Medium.ttf */,
				2A8E921C29E00A0600BFB100 /* OpenSans-MediumItalic.ttf */,
				2A8E921829E00A0600BFB100 /* OpenSans-Regular.ttf */,
				2A8E921429E00A0600BFB100 /* OpenSans-SemiBold.ttf */,
				2A8E921729E00A0600BFB100 /* OpenSans-SemiBoldItalic.ttf */,
			);
			path = OpenSans;
			sourceTree = "<group>";
		};
		2AA869BC29E2BF2F00A189B5 /* Manager */ = {
			isa = PBXGroup;
			children = (
				2AA869BD29E2BF5000A189B5 /* PListManager.swift */,
			);
			path = Manager;
			sourceTree = "<group>";
		};
		2ACC737729E212C000B926C3 /* Reminders */ = {
			isa = PBXGroup;
			children = (
				2ACC737829E212D100B926C3 /* RemindersTab.swift */,
				2A57F1F829E295B400BAB360 /* ReminderItemAndTime.swift */,
				2A57F1FA29E2995C00BAB360 /* AddReminderView.swift */,
			);
			path = Reminders;
			sourceTree = "<group>";
		};
		2AFD5E6629DE3606003AEE07 /* UI */ = {
			isa = PBXGroup;
			children = (
				2A7A6FB029DE227000660DD4 /* ContentView.swift */,
				2AFD5E6829DE3619003AEE07 /* Components */,
				2AFD5E6729DE360E003AEE07 /* Screens */,
			);
			path = UI;
			sourceTree = "<group>";
		};
		2AFD5E6729DE360E003AEE07 /* Screens */ = {
			isa = PBXGroup;
			children = (
				2A575C3629E505D3008CB854 /* Guide */,
				2ACC737729E212C000B926C3 /* Reminders */,
				2A5D64ED29E1379500ED190F /* Home */,
				2AFD5E6C29DE376C003AEE07 /* Authentication */,
			);
			path = Screens;
			sourceTree = "<group>";
		};
		2AFD5E6829DE3619003AEE07 /* Components */ = {
			isa = PBXGroup;
			children = (
				2A57F1FC29E2A9FF00BAB360 /* DropDownField.swift */,
				2A8E91FC29DFDD6B00BFB100 /* CustomShape.swift */,
				2AA92ED429DE71FE0089201F /* ReusableButton.swift */,
				2A8E920629DFF17500BFB100 /* FloatingLabelTextField.swift */,
				2A5D64F029E13C9600ED190F /* SmallButton.swift */,
				2A5D64F429E1511600ED190F /* OffsetableScrollView.swift */,
				2A5D64F629E1514C00ED190F /* ProxyReader.swift */,
				2A57F1F629E28CE200BAB360 /* SelectableReminderFilterButton.swift */,
			);
			path = Components;
			sourceTree = "<group>";
		};
		2AFD5E6929DE3651003AEE07 /* Resources */ = {
			isa = PBXGroup;
			children = (
				2A8E920E29E007C100BFB100 /* Info.plist */,
				2A8E920829E006D400BFB100 /* Fonts */,
				2A7A6FB229DE227200660DD4 /* Assets.xcassets */,
				2A7A6FB429DE227200660DD4 /* Preview Content */,
				2AA869C329E2C1AA00A189B5 /* ListValues.plist */,
			);
			path = Resources;
			sourceTree = "<group>";
		};
		2AFD5E6A29DE36A2003AEE07 /* Persistence */ = {
			isa = PBXGroup;
			children = (
				2A7A6FB729DE227200660DD4 /* Persistence.swift */,
				2A7A6FB929DE227200660DD4 /* Pawsitively.xcdatamodeld */,
			);
			path = Persistence;
			sourceTree = "<group>";
		};
		2AFD5E6B29DE36C9003AEE07 /* Main */ = {
			isa = PBXGroup;
			children = (
				2A7A6FAE29DE227000660DD4 /* PawsitivelyApp.swift */,
			);
			path = Main;
			sourceTree = "<group>";
		};
		2AFD5E6C29DE376C003AEE07 /* Authentication */ = {
			isa = PBXGroup;
			children = (
				2AD6795829DE52A500C427F7 /* InitialScreen.swift */,
				2A8E920229DFEF5A00BFB100 /* SigninForm.swift */,
				2A8E920429DFEF6B00BFB100 /* SignupForm.swift */,
				2A8E922A29E0141A00BFB100 /* VerifyEmailForm.swift */,
				2A8E922C29E019C800BFB100 /* ResetPasswordForm.swift */,
				2A8E923029E01C4800BFB100 /* NameForm.swift */,
				2A8E923229E0205E00BFB100 /* ProfilePhotoForm.swift */,
				2A8E923429E0DB0700BFB100 /* LocationForm.swift */,
			);
			path = Authentication;
			sourceTree = "<group>";
		};
/* End PBXGroup section */

/* Begin PBXNativeTarget section */
		2A7A6FAA29DE227000660DD4 /* Pawsitively */ = {
			isa = PBXNativeTarget;
			buildConfigurationList = 2A7A6FD429DE227300660DD4 /* Build configuration list for PBXNativeTarget "Pawsitively" */;
			buildPhases = (
				2A7A6FA729DE227000660DD4 /* Sources */,
				2A7A6FA829DE227000660DD4 /* Frameworks */,
				2A7A6FA929DE227000660DD4 /* Resources */,
			);
			buildRules = (
			);
			dependencies = (
			);
			name = Pawsitively;
			productName = Pawsitively;
			productReference = 2A7A6FAB29DE227000660DD4 /* Pawsitively.app */;
			productType = "com.apple.product-type.application";
		};
		2A7A6FBF29DE227300660DD4 /* PawsitivelyTests */ = {
			isa = PBXNativeTarget;
			buildConfigurationList = 2A7A6FD729DE227300660DD4 /* Build configuration list for PBXNativeTarget "PawsitivelyTests" */;
			buildPhases = (
				2A7A6FBC29DE227300660DD4 /* Sources */,
				2A7A6FBD29DE227300660DD4 /* Frameworks */,
				2A7A6FBE29DE227300660DD4 /* Resources */,
			);
			buildRules = (
			);
			dependencies = (
				2A7A6FC229DE227300660DD4 /* PBXTargetDependency */,
			);
			name = PawsitivelyTests;
			productName = PawsitivelyTests;
			productReference = 2A7A6FC029DE227300660DD4 /* PawsitivelyTests.xctest */;
			productType = "com.apple.product-type.bundle.unit-test";
		};
		2A7A6FC929DE227300660DD4 /* PawsitivelyUITests */ = {
			isa = PBXNativeTarget;
			buildConfigurationList = 2A7A6FDA29DE227300660DD4 /* Build configuration list for PBXNativeTarget "PawsitivelyUITests" */;
			buildPhases = (
				2A7A6FC629DE227300660DD4 /* Sources */,
				2A7A6FC729DE227300660DD4 /* Frameworks */,
				2A7A6FC829DE227300660DD4 /* Resources */,
			);
			buildRules = (
			);
			dependencies = (
				2A7A6FCC29DE227300660DD4 /* PBXTargetDependency */,
			);
			name = PawsitivelyUITests;
			productName = PawsitivelyUITests;
			productReference = 2A7A6FCA29DE227300660DD4 /* PawsitivelyUITests.xctest */;
			productType = "com.apple.product-type.bundle.ui-testing";
		};
/* End PBXNativeTarget section */

/* Begin PBXProject section */
		2A7A6FA329DE227000660DD4 /* Project object */ = {
			isa = PBXProject;
			attributes = {
				BuildIndependentTargetsInParallel = 1;
				LastSwiftUpdateCheck = 1430;
				LastUpgradeCheck = 1430;
				TargetAttributes = {
					2A7A6FAA29DE227000660DD4 = {
						CreatedOnToolsVersion = 14.3;
					};
					2A7A6FBF29DE227300660DD4 = {
						CreatedOnToolsVersion = 14.3;
						TestTargetID = 2A7A6FAA29DE227000660DD4;
					};
					2A7A6FC929DE227300660DD4 = {
						CreatedOnToolsVersion = 14.3;
						TestTargetID = 2A7A6FAA29DE227000660DD4;
					};
				};
			};
			buildConfigurationList = 2A7A6FA629DE227000660DD4 /* Build configuration list for PBXProject "Pawsitively" */;
			compatibilityVersion = "Xcode 14.0";
			developmentRegion = en;
			hasScannedForEncodings = 0;
			knownRegions = (
				en,
				Base,
			);
			mainGroup = 2A7A6FA229DE227000660DD4;
			productRefGroup = 2A7A6FAC29DE227000660DD4 /* Products */;
			projectDirPath = "";
			projectRoot = "";
			targets = (
				2A7A6FAA29DE227000660DD4 /* Pawsitively */,
				2A7A6FBF29DE227300660DD4 /* PawsitivelyTests */,
				2A7A6FC929DE227300660DD4 /* PawsitivelyUITests */,
			);
		};
/* End PBXProject section */

/* Begin PBXResourcesBuildPhase section */
		2A7A6FA929DE227000660DD4 /* Resources */ = {
			isa = PBXResourcesBuildPhase;
			buildActionMask = 2147483647;
			files = (
				2A8E922029E00A0600BFB100 /* OpenSans-Light.ttf in Resources */,
				2A8E922529E00A0600BFB100 /* OpenSans-Regular.ttf in Resources */,
				2A7A6FB629DE227200660DD4 /* Preview Assets.xcassets in Resources */,
				2A8E922329E00A0600BFB100 /* OpenSans-ExtraBold.ttf in Resources */,
				2A8E922929E00A0600BFB100 /* OpenSans-MediumItalic.ttf in Resources */,
				2A8E922129E00A0600BFB100 /* OpenSans-SemiBold.ttf in Resources */,
				2A8E922729E00A0600BFB100 /* OpenSans-Medium.ttf in Resources */,
				2A8E922429E00A0600BFB100 /* OpenSans-SemiBoldItalic.ttf in Resources */,
				2A8E922629E00A0600BFB100 /* OpenSans-BoldItalic.ttf in Resources */,
				2A8E921D29E00A0600BFB100 /* OpenSans-ExtraBoldItalic.ttf in Resources */,
				2A8E921E29E00A0600BFB100 /* OFL.txt in Resources */,
				2AA869C429E2C1AA00A189B5 /* ListValues.plist in Resources */,
				2A8E921F29E00A0600BFB100 /* OpenSans-Bold.ttf in Resources */,
				2A8E922229E00A0600BFB100 /* OpenSans-LightItalic.ttf in Resources */,
				2A7A6FB329DE227200660DD4 /* Assets.xcassets in Resources */,
				2A8E922829E00A0600BFB100 /* OpenSans-Italic.ttf in Resources */,
			);
			runOnlyForDeploymentPostprocessing = 0;
		};
		2A7A6FBE29DE227300660DD4 /* Resources */ = {
			isa = PBXResourcesBuildPhase;
			buildActionMask = 2147483647;
			files = (
			);
			runOnlyForDeploymentPostprocessing = 0;
		};
		2A7A6FC829DE227300660DD4 /* Resources */ = {
			isa = PBXResourcesBuildPhase;
			buildActionMask = 2147483647;
			files = (
			);
			runOnlyForDeploymentPostprocessing = 0;
		};
/* End PBXResourcesBuildPhase section */

/* Begin PBXSourcesBuildPhase section */
		2A7A6FA729DE227000660DD4 /* Sources */ = {
			isa = PBXSourcesBuildPhase;
			buildActionMask = 2147483647;
			files = (
				2A7A6FB829DE227200660DD4 /* Persistence.swift in Sources */,
				2A575C3C29E51A0C008CB854 /* SafeArea.swift in Sources */,
				2A5D64F129E13C9600ED190F /* SmallButton.swift in Sources */,
				2A57F1F329E2843D00BAB360 /* ColorExtension+Properties.swift in Sources */,
				2A5D64FD29E1677200ED190F /* CreatePostView.swift in Sources */,
				2A8E922B29E0141A00BFB100 /* VerifyEmailForm.swift in Sources */,
				2A57F1F529E2858200BAB360 /* ShapeExtension+Properties.swift in Sources */,
				2ACC737929E212D100B926C3 /* RemindersTab.swift in Sources */,
				2A8E920329DFEF5A00BFB100 /* SigninForm.swift in Sources */,
				2A7A6FBB29DE227200660DD4 /* Pawsitively.xcdatamodeld in Sources */,
				2A8E920D29E0075000BFB100 /* FontExtension+Properties.swift in Sources */,
				2AA869BE29E2BF5000A189B5 /* PListManager.swift in Sources */,
				2A57F1FB29E2995C00BAB360 /* AddReminderView.swift in Sources */,
				2AA92ED529DE71FE0089201F /* ReusableButton.swift in Sources */,
				2A8E920729DFF17500BFB100 /* FloatingLabelTextField.swift in Sources */,
				2A575C3829E50601008CB854 /* GuideTab.swift in Sources */,
				2A5D64F529E1511600ED190F /* OffsetableScrollView.swift in Sources */,
				2A57F1FD29E2A9FF00BAB360 /* DropDownField.swift in Sources */,
				2A7A6FB129DE227000660DD4 /* ContentView.swift in Sources */,
				2AA869C029E2BFE800A189B5 /* BundleExtension+Properties.swift in Sources */,
				2A8E922D29E019C800BFB100 /* ResetPasswordForm.swift in Sources */,
				2A5D64EF29E137A600ED190F /* HomeTab.swift in Sources */,
				2A575C3A29E50BB0008CB854 /* GuideDetail.swift in Sources */,
				2A8E920129DFEA5800BFB100 /* ImageConstant.swift in Sources */,
				2A5D64F729E1514C00ED190F /* ProxyReader.swift in Sources */,
				2A5D64F329E150BE00ED190F /* UIScreenExtension+Properties.swift in Sources */,
				2A8E91FD29DFDD6B00BFB100 /* CustomShape.swift in Sources */,
				2A8E920529DFEF6B00BFB100 /* SignupForm.swift in Sources */,
				2A8E923529E0DB0700BFB100 /* LocationForm.swift in Sources */,
				2A57F1F929E295B400BAB360 /* ReminderItemAndTime.swift in Sources */,
				2A8E923329E0205E00BFB100 /* ProfilePhotoForm.swift in Sources */,
				2A57F1F729E28CE200BAB360 /* SelectableReminderFilterButton.swift in Sources */,
				2A5D64F929E1574A00ED190F /* FeedItemView.swift in Sources */,
				2A5D64FB29E1657300ED190F /* ReminderItem.swift in Sources */,
				2A7A6FAF29DE227000660DD4 /* PawsitivelyApp.swift in Sources */,
				2AD6795929DE52A500C427F7 /* InitialScreen.swift in Sources */,
				2A8E923129E01C4800BFB100 /* NameForm.swift in Sources */,
				2A8E91FF29DFE35100BFB100 /* ColorConstant.swift in Sources */,
			);
			runOnlyForDeploymentPostprocessing = 0;
		};
		2A7A6FBC29DE227300660DD4 /* Sources */ = {
			isa = PBXSourcesBuildPhase;
			buildActionMask = 2147483647;
			files = (
				2A7A6FC529DE227300660DD4 /* PawsitivelyTests.swift in Sources */,
			);
			runOnlyForDeploymentPostprocessing = 0;
		};
		2A7A6FC629DE227300660DD4 /* Sources */ = {
			isa = PBXSourcesBuildPhase;
			buildActionMask = 2147483647;
			files = (
				2A7A6FD129DE227300660DD4 /* PawsitivelyUITestsLaunchTests.swift in Sources */,
				2A7A6FCF29DE227300660DD4 /* PawsitivelyUITests.swift in Sources */,
			);
			runOnlyForDeploymentPostprocessing = 0;
		};
/* End PBXSourcesBuildPhase section */

/* Begin PBXTargetDependency section */
		2A7A6FC229DE227300660DD4 /* PBXTargetDependency */ = {
			isa = PBXTargetDependency;
			target = 2A7A6FAA29DE227000660DD4 /* Pawsitively */;
			targetProxy = 2A7A6FC129DE227300660DD4 /* PBXContainerItemProxy */;
		};
		2A7A6FCC29DE227300660DD4 /* PBXTargetDependency */ = {
			isa = PBXTargetDependency;
			target = 2A7A6FAA29DE227000660DD4 /* Pawsitively */;
			targetProxy = 2A7A6FCB29DE227300660DD4 /* PBXContainerItemProxy */;
		};
/* End PBXTargetDependency section */

/* Begin XCBuildConfiguration section */
		2A7A6FD229DE227300660DD4 /* Debug */ = {
			isa = XCBuildConfiguration;
			buildSettings = {
				ALWAYS_SEARCH_USER_PATHS = NO;
				CLANG_ANALYZER_NONNULL = YES;
				CLANG_ANALYZER_NUMBER_OBJECT_CONVERSION = YES_AGGRESSIVE;
				CLANG_CXX_LANGUAGE_STANDARD = "gnu++20";
				CLANG_ENABLE_MODULES = YES;
				CLANG_ENABLE_OBJC_ARC = YES;
				CLANG_ENABLE_OBJC_WEAK = YES;
				CLANG_WARN_BLOCK_CAPTURE_AUTORELEASING = YES;
				CLANG_WARN_BOOL_CONVERSION = YES;
				CLANG_WARN_COMMA = YES;
				CLANG_WARN_CONSTANT_CONVERSION = YES;
				CLANG_WARN_DEPRECATED_OBJC_IMPLEMENTATIONS = YES;
				CLANG_WARN_DIRECT_OBJC_ISA_USAGE = YES_ERROR;
				CLANG_WARN_DOCUMENTATION_COMMENTS = YES;
				CLANG_WARN_EMPTY_BODY = YES;
				CLANG_WARN_ENUM_CONVERSION = YES;
				CLANG_WARN_INFINITE_RECURSION = YES;
				CLANG_WARN_INT_CONVERSION = YES;
				CLANG_WARN_NON_LITERAL_NULL_CONVERSION = YES;
				CLANG_WARN_OBJC_IMPLICIT_RETAIN_SELF = YES;
				CLANG_WARN_OBJC_LITERAL_CONVERSION = YES;
				CLANG_WARN_OBJC_ROOT_CLASS = YES_ERROR;
				CLANG_WARN_QUOTED_INCLUDE_IN_FRAMEWORK_HEADER = YES;
				CLANG_WARN_RANGE_LOOP_ANALYSIS = YES;
				CLANG_WARN_STRICT_PROTOTYPES = YES;
				CLANG_WARN_SUSPICIOUS_MOVE = YES;
				CLANG_WARN_UNGUARDED_AVAILABILITY = YES_AGGRESSIVE;
				CLANG_WARN_UNREACHABLE_CODE = YES;
				CLANG_WARN__DUPLICATE_METHOD_MATCH = YES;
				COPY_PHASE_STRIP = NO;
				DEBUG_INFORMATION_FORMAT = dwarf;
				ENABLE_STRICT_OBJC_MSGSEND = YES;
				ENABLE_TESTABILITY = YES;
				GCC_C_LANGUAGE_STANDARD = gnu11;
				GCC_DYNAMIC_NO_PIC = NO;
				GCC_NO_COMMON_BLOCKS = YES;
				GCC_OPTIMIZATION_LEVEL = 0;
				GCC_PREPROCESSOR_DEFINITIONS = (
					"DEBUG=1",
					"$(inherited)",
				);
				GCC_WARN_64_TO_32_BIT_CONVERSION = YES;
				GCC_WARN_ABOUT_RETURN_TYPE = YES_ERROR;
				GCC_WARN_UNDECLARED_SELECTOR = YES;
				GCC_WARN_UNINITIALIZED_AUTOS = YES_AGGRESSIVE;
				GCC_WARN_UNUSED_FUNCTION = YES;
				GCC_WARN_UNUSED_VARIABLE = YES;
				IPHONEOS_DEPLOYMENT_TARGET = 16.4;
				MTL_ENABLE_DEBUG_INFO = INCLUDE_SOURCE;
				MTL_FAST_MATH = YES;
				ONLY_ACTIVE_ARCH = YES;
				SDKROOT = iphoneos;
				SWIFT_ACTIVE_COMPILATION_CONDITIONS = DEBUG;
				SWIFT_OPTIMIZATION_LEVEL = "-Onone";
			};
			name = Debug;
		};
		2A7A6FD329DE227300660DD4 /* Release */ = {
			isa = XCBuildConfiguration;
			buildSettings = {
				ALWAYS_SEARCH_USER_PATHS = NO;
				CLANG_ANALYZER_NONNULL = YES;
				CLANG_ANALYZER_NUMBER_OBJECT_CONVERSION = YES_AGGRESSIVE;
				CLANG_CXX_LANGUAGE_STANDARD = "gnu++20";
				CLANG_ENABLE_MODULES = YES;
				CLANG_ENABLE_OBJC_ARC = YES;
				CLANG_ENABLE_OBJC_WEAK = YES;
				CLANG_WARN_BLOCK_CAPTURE_AUTORELEASING = YES;
				CLANG_WARN_BOOL_CONVERSION = YES;
				CLANG_WARN_COMMA = YES;
				CLANG_WARN_CONSTANT_CONVERSION = YES;
				CLANG_WARN_DEPRECATED_OBJC_IMPLEMENTATIONS = YES;
				CLANG_WARN_DIRECT_OBJC_ISA_USAGE = YES_ERROR;
				CLANG_WARN_DOCUMENTATION_COMMENTS = YES;
				CLANG_WARN_EMPTY_BODY = YES;
				CLANG_WARN_ENUM_CONVERSION = YES;
				CLANG_WARN_INFINITE_RECURSION = YES;
				CLANG_WARN_INT_CONVERSION = YES;
				CLANG_WARN_NON_LITERAL_NULL_CONVERSION = YES;
				CLANG_WARN_OBJC_IMPLICIT_RETAIN_SELF = YES;
				CLANG_WARN_OBJC_LITERAL_CONVERSION = YES;
				CLANG_WARN_OBJC_ROOT_CLASS = YES_ERROR;
				CLANG_WARN_QUOTED_INCLUDE_IN_FRAMEWORK_HEADER = YES;
				CLANG_WARN_RANGE_LOOP_ANALYSIS = YES;
				CLANG_WARN_STRICT_PROTOTYPES = YES;
				CLANG_WARN_SUSPICIOUS_MOVE = YES;
				CLANG_WARN_UNGUARDED_AVAILABILITY = YES_AGGRESSIVE;
				CLANG_WARN_UNREACHABLE_CODE = YES;
				CLANG_WARN__DUPLICATE_METHOD_MATCH = YES;
				COPY_PHASE_STRIP = NO;
				DEBUG_INFORMATION_FORMAT = "dwarf-with-dsym";
				ENABLE_NS_ASSERTIONS = NO;
				ENABLE_STRICT_OBJC_MSGSEND = YES;
				GCC_C_LANGUAGE_STANDARD = gnu11;
				GCC_NO_COMMON_BLOCKS = YES;
				GCC_WARN_64_TO_32_BIT_CONVERSION = YES;
				GCC_WARN_ABOUT_RETURN_TYPE = YES_ERROR;
				GCC_WARN_UNDECLARED_SELECTOR = YES;
				GCC_WARN_UNINITIALIZED_AUTOS = YES_AGGRESSIVE;
				GCC_WARN_UNUSED_FUNCTION = YES;
				GCC_WARN_UNUSED_VARIABLE = YES;
				IPHONEOS_DEPLOYMENT_TARGET = 16.4;
				MTL_ENABLE_DEBUG_INFO = NO;
				MTL_FAST_MATH = YES;
				SDKROOT = iphoneos;
				SWIFT_COMPILATION_MODE = wholemodule;
				SWIFT_OPTIMIZATION_LEVEL = "-O";
				VALIDATE_PRODUCT = YES;
			};
			name = Release;
		};
		2A7A6FD529DE227300660DD4 /* Debug */ = {
			isa = XCBuildConfiguration;
			buildSettings = {
				ASSETCATALOG_COMPILER_APPICON_NAME = AppIcon;
				ASSETCATALOG_COMPILER_GLOBAL_ACCENT_COLOR_NAME = AccentColor;
				CODE_SIGN_STYLE = Automatic;
				CURRENT_PROJECT_VERSION = 1;
				DEVELOPMENT_ASSET_PATHS = "\"Pawsitively/Resources/Preview Content\"";
				DEVELOPMENT_TEAM = 7HR75ZCV8P;
				ENABLE_PREVIEWS = YES;
				GENERATE_INFOPLIST_FILE = YES;
				INFOPLIST_FILE = Pawsitively/Resources/Info.plist;
				INFOPLIST_KEY_UIApplicationSceneManifest_Generation = YES;
				INFOPLIST_KEY_UIApplicationSupportsIndirectInputEvents = YES;
				INFOPLIST_KEY_UILaunchScreen_Generation = YES;
				INFOPLIST_KEY_UISupportedInterfaceOrientations = UIInterfaceOrientationPortrait;
				INFOPLIST_KEY_UISupportedInterfaceOrientations_iPad = "UIInterfaceOrientationLandscapeLeft UIInterfaceOrientationLandscapeRight UIInterfaceOrientationPortrait UIInterfaceOrientationPortraitUpsideDown";
				IPHONEOS_DEPLOYMENT_TARGET = 16.0;
				LD_RUNPATH_SEARCH_PATHS = (
					"$(inherited)",
					"@executable_path/Frameworks",
				);
				MARKETING_VERSION = 1.0;
				PRODUCT_BUNDLE_IDENTIFIER = com.alquraini.pawsitively;
				PRODUCT_NAME = "$(TARGET_NAME)";
				SWIFT_EMIT_LOC_STRINGS = YES;
				SWIFT_VERSION = 5.0;
				TARGETED_DEVICE_FAMILY = "1,2";
			};
			name = Debug;
		};
		2A7A6FD629DE227300660DD4 /* Release */ = {
			isa = XCBuildConfiguration;
			buildSettings = {
				ASSETCATALOG_COMPILER_APPICON_NAME = AppIcon;
				ASSETCATALOG_COMPILER_GLOBAL_ACCENT_COLOR_NAME = AccentColor;
				CODE_SIGN_STYLE = Automatic;
				CURRENT_PROJECT_VERSION = 1;
				DEVELOPMENT_ASSET_PATHS = "\"Pawsitively/Resources/Preview Content\"";
				DEVELOPMENT_TEAM = 7HR75ZCV8P;
				ENABLE_PREVIEWS = YES;
				GENERATE_INFOPLIST_FILE = YES;
				INFOPLIST_FILE = Pawsitively/Resources/Info.plist;
				INFOPLIST_KEY_UIApplicationSceneManifest_Generation = YES;
				INFOPLIST_KEY_UIApplicationSupportsIndirectInputEvents = YES;
				INFOPLIST_KEY_UILaunchScreen_Generation = YES;
				INFOPLIST_KEY_UISupportedInterfaceOrientations = UIInterfaceOrientationPortrait;
				INFOPLIST_KEY_UISupportedInterfaceOrientations_iPad = "UIInterfaceOrientationLandscapeLeft UIInterfaceOrientationLandscapeRight UIInterfaceOrientationPortrait UIInterfaceOrientationPortraitUpsideDown";
				IPHONEOS_DEPLOYMENT_TARGET = 16.0;
				LD_RUNPATH_SEARCH_PATHS = (
					"$(inherited)",
					"@executable_path/Frameworks",
				);
				MARKETING_VERSION = 1.0;
				PRODUCT_BUNDLE_IDENTIFIER = com.alquraini.pawsitively;
				PRODUCT_NAME = "$(TARGET_NAME)";
				SWIFT_EMIT_LOC_STRINGS = YES;
				SWIFT_VERSION = 5.0;
				TARGETED_DEVICE_FAMILY = "1,2";
			};
			name = Release;
		};
		2A7A6FD829DE227300660DD4 /* Debug */ = {
			isa = XCBuildConfiguration;
			buildSettings = {
				ALWAYS_EMBED_SWIFT_STANDARD_LIBRARIES = YES;
				BUNDLE_LOADER = "$(TEST_HOST)";
				CODE_SIGN_STYLE = Automatic;
				CURRENT_PROJECT_VERSION = 1;
				DEVELOPMENT_TEAM = 7HR75ZCV8P;
				GENERATE_INFOPLIST_FILE = YES;
				IPHONEOS_DEPLOYMENT_TARGET = 16.4;
				MARKETING_VERSION = 1.0;
				PRODUCT_BUNDLE_IDENTIFIER = com.alquraini.pawsitively.PawsitivelyTests;
				PRODUCT_NAME = "$(TARGET_NAME)";
				SWIFT_EMIT_LOC_STRINGS = NO;
				SWIFT_VERSION = 5.0;
				TARGETED_DEVICE_FAMILY = "1,2";
				TEST_HOST = "$(BUILT_PRODUCTS_DIR)/Pawsitively.app/$(BUNDLE_EXECUTABLE_FOLDER_PATH)/Pawsitively";
			};
			name = Debug;
		};
		2A7A6FD929DE227300660DD4 /* Release */ = {
			isa = XCBuildConfiguration;
			buildSettings = {
				ALWAYS_EMBED_SWIFT_STANDARD_LIBRARIES = YES;
				BUNDLE_LOADER = "$(TEST_HOST)";
				CODE_SIGN_STYLE = Automatic;
				CURRENT_PROJECT_VERSION = 1;
				DEVELOPMENT_TEAM = 7HR75ZCV8P;
				GENERATE_INFOPLIST_FILE = YES;
				IPHONEOS_DEPLOYMENT_TARGET = 16.4;
				MARKETING_VERSION = 1.0;
				PRODUCT_BUNDLE_IDENTIFIER = com.alquraini.pawsitively.PawsitivelyTests;
				PRODUCT_NAME = "$(TARGET_NAME)";
				SWIFT_EMIT_LOC_STRINGS = NO;
				SWIFT_VERSION = 5.0;
				TARGETED_DEVICE_FAMILY = "1,2";
				TEST_HOST = "$(BUILT_PRODUCTS_DIR)/Pawsitively.app/$(BUNDLE_EXECUTABLE_FOLDER_PATH)/Pawsitively";
			};
			name = Release;
		};
		2A7A6FDB29DE227300660DD4 /* Debug */ = {
			isa = XCBuildConfiguration;
			buildSettings = {
				ALWAYS_EMBED_SWIFT_STANDARD_LIBRARIES = YES;
				CODE_SIGN_STYLE = Automatic;
				CURRENT_PROJECT_VERSION = 1;
				DEVELOPMENT_TEAM = 7HR75ZCV8P;
				GENERATE_INFOPLIST_FILE = YES;
				MARKETING_VERSION = 1.0;
				PRODUCT_BUNDLE_IDENTIFIER = com.alquraini.pawsitively.PawsitivelyUITests;
				PRODUCT_NAME = "$(TARGET_NAME)";
				SWIFT_EMIT_LOC_STRINGS = NO;
				SWIFT_VERSION = 5.0;
				TARGETED_DEVICE_FAMILY = "1,2";
				TEST_TARGET_NAME = Pawsitively;
			};
			name = Debug;
		};
		2A7A6FDC29DE227300660DD4 /* Release */ = {
			isa = XCBuildConfiguration;
			buildSettings = {
				ALWAYS_EMBED_SWIFT_STANDARD_LIBRARIES = YES;
				CODE_SIGN_STYLE = Automatic;
				CURRENT_PROJECT_VERSION = 1;
				DEVELOPMENT_TEAM = 7HR75ZCV8P;
				GENERATE_INFOPLIST_FILE = YES;
				MARKETING_VERSION = 1.0;
				PRODUCT_BUNDLE_IDENTIFIER = com.alquraini.pawsitively.PawsitivelyUITests;
				PRODUCT_NAME = "$(TARGET_NAME)";
				SWIFT_EMIT_LOC_STRINGS = NO;
				SWIFT_VERSION = 5.0;
				TARGETED_DEVICE_FAMILY = "1,2";
				TEST_TARGET_NAME = Pawsitively;
			};
			name = Release;
		};
/* End XCBuildConfiguration section */

/* Begin XCConfigurationList section */
		2A7A6FA629DE227000660DD4 /* Build configuration list for PBXProject "Pawsitively" */ = {
			isa = XCConfigurationList;
			buildConfigurations = (
				2A7A6FD229DE227300660DD4 /* Debug */,
				2A7A6FD329DE227300660DD4 /* Release */,
			);
			defaultConfigurationIsVisible = 0;
			defaultConfigurationName = Release;
		};
		2A7A6FD429DE227300660DD4 /* Build configuration list for PBXNativeTarget "Pawsitively" */ = {
			isa = XCConfigurationList;
			buildConfigurations = (
				2A7A6FD529DE227300660DD4 /* Debug */,
				2A7A6FD629DE227300660DD4 /* Release */,
			);
			defaultConfigurationIsVisible = 0;
			defaultConfigurationName = Release;
		};
		2A7A6FD729DE227300660DD4 /* Build configuration list for PBXNativeTarget "PawsitivelyTests" */ = {
			isa = XCConfigurationList;
			buildConfigurations = (
				2A7A6FD829DE227300660DD4 /* Debug */,
				2A7A6FD929DE227300660DD4 /* Release */,
			);
			defaultConfigurationIsVisible = 0;
			defaultConfigurationName = Release;
		};
		2A7A6FDA29DE227300660DD4 /* Build configuration list for PBXNativeTarget "PawsitivelyUITests" */ = {
			isa = XCConfigurationList;
			buildConfigurations = (
				2A7A6FDB29DE227300660DD4 /* Debug */,
				2A7A6FDC29DE227300660DD4 /* Release */,
			);
			defaultConfigurationIsVisible = 0;
			defaultConfigurationName = Release;
		};
/* End XCConfigurationList section */

/* Begin XCVersionGroup section */
		2A7A6FB929DE227200660DD4 /* Pawsitively.xcdatamodeld */ = {
			isa = XCVersionGroup;
			children = (
				2A7A6FBA29DE227200660DD4 /* Pawsitively.xcdatamodel */,
			);
			currentVersion = 2A7A6FBA29DE227200660DD4 /* Pawsitively.xcdatamodel */;
			path = Pawsitively.xcdatamodeld;
			sourceTree = "<group>";
			versionGroupType = wrapper.xcdatamodel;
		};
/* End XCVersionGroup section */
	};
	rootObject = 2A7A6FA329DE227000660DD4 /* Project object */;
}
